
Microsoft Visual Studio Solution File, Format Version 12.00
# Visual Studio Version 16
VisualStudioVersion = 16.0.29025.244
MinimumVisualStudioVersion = 10.0.40219.1
Project("{FAE04EC0-301F-11D3-BF4B-00C04F79EFBC}") = "Naos.MessageBus.Hangfire.Harness", "Naos.MessageBus.Hangfire.Harness\Naos.MessageBus.Hangfire.Harness.csproj", "{21D8E190-560B-4990-AC12-90A1F28C9AEA}"
EndProject
Project("{FAE04EC0-301F-11D3-BF4B-00C04F79EFBC}") = "Naos.MessageBus.Hangfire.Sender", "Naos.MessageBus.Hangfire.Sender\Naos.MessageBus.Hangfire.Sender.csproj", "{D52056F4-FD46-47C5-B768-EADBF93B0BA9}"
EndProject
Project("{FAE04EC0-301F-11D3-BF4B-00C04F79EFBC}") = "Naos.MessageBus.Test", "Naos.MessageBus.Test\Naos.MessageBus.Test.csproj", "{407121BE-9DE5-4412-BF20-FBA7147F9B94}"
EndProject
Project("{FAE04EC0-301F-11D3-BF4B-00C04F79EFBC}") = "Naos.MessageBus.Hangfire.Database", "Naos.MessageBus.Hangfire.Database\Naos.MessageBus.Hangfire.Database.csproj", "{9A9B2A5F-E2D2-4042-8236-6612049C94F1}"
EndProject
Project("{FAE04EC0-301F-11D3-BF4B-00C04F79EFBC}") = "Naos.MessageBus.Core", "Naos.MessageBus.Core\Naos.MessageBus.Core.csproj", "{D0F8244E-3833-4DE4-A2B9-6E9B9A33C72A}"
EndProject
Project("{FAE04EC0-301F-11D3-BF4B-00C04F79EFBC}") = "Naos.MessageBus.Hangfire.Console", "Naos.MessageBus.Hangfire.Console\Naos.MessageBus.Hangfire.Console.csproj", "{9F8C1504-3F42-4224-A42B-09EA9FBF00E4}"
EndProject
Project("{FAE04EC0-301F-11D3-BF4B-00C04F79EFBC}") = "Naos.MessageBus.Persistence", "Naos.MessageBus.Persistence\Naos.MessageBus.Persistence.csproj", "{79C72D99-9C0C-45FA-9BC3-F2B36F63FFB3}"
EndProject
Project("{FAE04EC0-301F-11D3-BF4B-00C04F79EFBC}") = "Naos.MessageBus.Domain", "Naos.MessageBus.Domain\Naos.MessageBus.Domain.csproj", "{C4A9E41B-29F7-48C7-A77F-3642D66DF2D8}"
EndProject
Project("{2150E333-8FDC-42A3-9474-1A3956D46DE8}") = "Solution Items", "Solution Items", "{5450CAA2-CA7F-43C1-AFB2-F6E3704CBFA5}"
	ProjectSection(SolutionItems) = preProject
		.gitignore = .gitignore
		LICENSE = LICENSE
		README.md = README.md
		RepoConfig.state = RepoConfig.state
	EndProjectSection
EndProject
Global
	GlobalSection(SolutionConfigurationPlatforms) = preSolution
		Debug|Any CPU = Debug|Any CPU
		Release|Any CPU = Release|Any CPU
	EndGlobalSection
	GlobalSection(ProjectConfigurationPlatforms) = postSolution
		{21D8E190-560B-4990-AC12-90A1F28C9AEA}.Debug|Any CPU.ActiveCfg = Debug|Any CPU
		{21D8E190-560B-4990-AC12-90A1F28C9AEA}.Debug|Any CPU.Build.0 = Debug|Any CPU
		{21D8E190-560B-4990-AC12-90A1F28C9AEA}.Release|Any CPU.ActiveCfg = Release|Any CPU
		{21D8E190-560B-4990-AC12-90A1F28C9AEA}.Release|Any CPU.Build.0 = Release|Any CPU
		{D52056F4-FD46-47C5-B768-EADBF93B0BA9}.Debug|Any CPU.ActiveCfg = Debug|Any CPU
		{D52056F4-FD46-47C5-B768-EADBF93B0BA9}.Debug|Any CPU.Build.0 = Debug|Any CPU
		{D52056F4-FD46-47C5-B768-EADBF93B0BA9}.Release|Any CPU.ActiveCfg = Release|Any CPU
		{D52056F4-FD46-47C5-B768-EADBF93B0BA9}.Release|Any CPU.Build.0 = Release|Any CPU
		{407121BE-9DE5-4412-BF20-FBA7147F9B94}.Debug|Any CPU.ActiveCfg = Debug|Any CPU
		{407121BE-9DE5-4412-BF20-FBA7147F9B94}.Debug|Any CPU.Build.0 = Debug|Any CPU
		{407121BE-9DE5-4412-BF20-FBA7147F9B94}.Release|Any CPU.ActiveCfg = Release|Any CPU
		{407121BE-9DE5-4412-BF20-FBA7147F9B94}.Release|Any CPU.Build.0 = Release|Any CPU
		{9A9B2A5F-E2D2-4042-8236-6612049C94F1}.Debug|Any CPU.ActiveCfg = Debug|Any CPU
		{9A9B2A5F-E2D2-4042-8236-6612049C94F1}.Debug|Any CPU.Build.0 = Debug|Any CPU
		{9A9B2A5F-E2D2-4042-8236-6612049C94F1}.Release|Any CPU.ActiveCfg = Release|Any CPU
		{9A9B2A5F-E2D2-4042-8236-6612049C94F1}.Release|Any CPU.Build.0 = Release|Any CPU
		{D0F8244E-3833-4DE4-A2B9-6E9B9A33C72A}.Debug|Any CPU.ActiveCfg = Debug|Any CPU
		{D0F8244E-3833-4DE4-A2B9-6E9B9A33C72A}.Debug|Any CPU.Build.0 = Debug|Any CPU
		{D0F8244E-3833-4DE4-A2B9-6E9B9A33C72A}.Release|Any CPU.ActiveCfg = Release|Any CPU
		{D0F8244E-3833-4DE4-A2B9-6E9B9A33C72A}.Release|Any CPU.Build.0 = Release|Any CPU
		{9F8C1504-3F42-4224-A42B-09EA9FBF00E4}.Debug|Any CPU.ActiveCfg = Debug|Any CPU
		{9F8C1504-3F42-4224-A42B-09EA9FBF00E4}.Debug|Any CPU.Build.0 = Debug|Any CPU
		{9F8C1504-3F42-4224-A42B-09EA9FBF00E4}.Release|Any CPU.ActiveCfg = Release|Any CPU
		{9F8C1504-3F42-4224-A42B-09EA9FBF00E4}.Release|Any CPU.Build.0 = Release|Any CPU
		{79C72D99-9C0C-45FA-9BC3-F2B36F63FFB3}.Debug|Any CPU.ActiveCfg = Debug|Any CPU
		{79C72D99-9C0C-45FA-9BC3-F2B36F63FFB3}.Debug|Any CPU.Build.0 = Debug|Any CPU
		{79C72D99-9C0C-45FA-9BC3-F2B36F63FFB3}.Release|Any CPU.ActiveCfg = Release|Any CPU
		{79C72D99-9C0C-45FA-9BC3-F2B36F63FFB3}.Release|Any CPU.Build.0 = Release|Any CPU
		{C4A9E41B-29F7-48C7-A77F-3642D66DF2D8}.Debug|Any CPU.ActiveCfg = Debug|Any CPU
		{C4A9E41B-29F7-48C7-A77F-3642D66DF2D8}.Debug|Any CPU.Build.0 = Debug|Any CPU
		{C4A9E41B-29F7-48C7-A77F-3642D66DF2D8}.Release|Any CPU.ActiveCfg = Release|Any CPU
		{C4A9E41B-29F7-48C7-A77F-3642D66DF2D8}.Release|Any CPU.Build.0 = Release|Any CPU
	EndGlobalSection
	GlobalSection(SolutionProperties) = preSolution
		HideSolutionNode = FALSE
	EndGlobalSection
	GlobalSection(ExtensibilityGlobals) = postSolution
		SolutionGuid = {46C04430-20A9-44E3-A0F3-EAEE8B9BE10A}
	EndGlobalSection
EndGlobal
